
Microsoft Visual Studio Solution File, Format Version 12.00
# Visual Studio 15
VisualStudioVersion = 15.0.26430.12
MinimumVisualStudioVersion = 10.0.40219.1
Project("{FAE04EC0-301F-11D3-BF4B-00C04F79EFBC}") = "SVLServices", "Services\SVLServices.csproj", "{AA273208-5CF6-47B1-A878-8EC2A39E2ACE}"
EndProject
Project("{FAE04EC0-301F-11D3-BF4B-00C04F79EFBC}") = "TestHandler", "TestHandler\TestHandler.csproj", "{56B42D0F-D98E-47D2-A32E-413ED36D2E99}"
EndProject
Global
	GlobalSection(SolutionConfigurationPlatforms) = preSolution
		Debug|Any CPU = Debug|Any CPU
		Release|Any CPU = Release|Any CPU
	EndGlobalSection
	GlobalSection(ProjectConfigurationPlatforms) = postSolution
		{AA273208-5CF6-47B1-A878-8EC2A39E2ACE}.Debug|Any CPU.ActiveCfg = Debug|Any CPU
		{AA273208-5CF6-47B1-A878-8EC2A39E2ACE}.Debug|Any CPU.Build.0 = Debug|Any CPU
		{AA273208-5CF6-47B1-A878-8EC2A39E2ACE}.Release|Any CPU.ActiveCfg = Release|Any CPU
		{AA273208-5CF6-47B1-A878-8EC2A39E2ACE}.Release|Any CPU.Build.0 = Release|Any CPU
		{56B42D0F-D98E-47D2-A32E-413ED36D2E99}.Debug|Any CPU.ActiveCfg = Debug|Any CPU
		{56B42D0F-D98E-47D2-A32E-413ED36D2E99}.Debug|Any CPU.Build.0 = Debug|Any CPU
		{56B42D0F-D98E-47D2-A32E-413ED36D2E99}.Release|Any CPU.ActiveCfg = Release|Any CPU
		{56B42D0F-D98E-47D2-A32E-413ED36D2E99}.Release|Any CPU.Build.0 = Release|Any CPU
	EndGlobalSection
	GlobalSection(SolutionProperties) = preSolution
		HideSolutionNode = FALSE
	EndGlobalSection
	GlobalSection(ExtensibilityGlobals) = postSolution
		SolutionGuid = {7BFE76B3-BA47-4330-9EB7-5A9F6DD1021A}
	EndGlobalSection
EndGlobal
